<?xml version="1.0" encoding="utf-8"?>
<Project ToolsVersion="4.0" xmlns="http://schemas.microsoft.com/developer/msbuild/2003">
  <ItemGroup>
    <Filter Include="win32">
      <UniqueIdentifier>{84a8ebd7-7cf0-47f6-b75e-d441df67da40}</UniqueIdentifier>
    </Filter>
    <Filter Include="resource">
      <UniqueIdentifier>{715254bc-d70b-4ec5-bf29-467dd3ace079}</UniqueIdentifier>
    </Filter>
    <Filter Include="src">
      <UniqueIdentifier>{bb6c862e-70e9-49d9-81b7-3829a6f50471}</UniqueIdentifier>
    </Filter>
    <Filter Include="src\Nakama">
      <UniqueIdentifier>{67ea21cd-3238-4285-ad18-980dcb0dc5ce}</UniqueIdentifier>
    </Filter>
    <Filter Include="src\Nakama\Private">
      <UniqueIdentifier>{ebe2fba0-8bf2-46af-813b-e26f8f36ea5c}</UniqueIdentifier>
    </Filter>
    <Filter Include="src\Nakama\Public">
      <UniqueIdentifier>{49a5eb67-5b8e-4022-84a3-05d001c2e88a}</UniqueIdentifier>
    </Filter>
    <Filter Include="src\Nakama\Private\NakamaSDK">
      <UniqueIdentifier>{df2c0478-d992-4634-ae50-686d2cdaa90c}</UniqueIdentifier>
    </Filter>
    <Filter Include="src\Nakama\Public\NakamaSDK">
      <UniqueIdentifier>{7984254b-634d-4156-98d5-6636410b22f2}</UniqueIdentifier>
    </Filter>
  </ItemGroup>
  <ItemGroup>
    <ClCompile Include="main.cpp">
      <Filter>win32</Filter>
    </ClCompile>
    <ClCompile Include="..\Classes\AppDelegate.cpp">
      <Filter>src</Filter>
    </ClCompile>
    <ClCompile Include="..\Classes\HelloWorldScene.cpp">
      <Filter>src</Filter>
    </ClCompile>
    <ClCompile Include="..\Classes\Nakama\Private\NCocosTransport.cpp">
      <Filter>src\Nakama\Private</Filter>
    </ClCompile>
    <ClCompile Include="..\Classes\Nakama\Private\NWebSocket.cpp">
      <Filter>src\Nakama\Private</Filter>
    </ClCompile>
    <ClCompile Include="..\Classes\Nakama\Private\NakamaSDK\api.pb.cc">
      <Filter>src\Nakama\Private\NakamaSDK</Filter>
    </ClCompile>
    <ClCompile Include="..\Classes\Nakama\Private\NakamaSDK\NAuthenticateMessage.cpp">
      <Filter>src\Nakama\Private\NakamaSDK</Filter>
    </ClCompile>
    <ClCompile Include="..\Classes\Nakama\Private\NakamaSDK\NClient.cpp">
      <Filter>src\Nakama\Private\NakamaSDK</Filter>
    </ClCompile>
    <ClCompile Include="..\Classes\Nakama\Private\NakamaSDK\NCursor.cpp">
      <Filter>src\Nakama\Private\NakamaSDK</Filter>
    </ClCompile>
    <ClCompile Include="..\Classes\Nakama\Private\NakamaSDK\NFriend.cpp">
      <Filter>src\Nakama\Private\NakamaSDK</Filter>
    </ClCompile>
    <ClCompile Include="..\Classes\Nakama\Private\NakamaSDK\NFriendAddMessage.cpp">
      <Filter>src\Nakama\Private\NakamaSDK</Filter>
    </ClCompile>
    <ClCompile Include="..\Classes\Nakama\Private\NakamaSDK\NFriendBlockMessage.cpp">
      <Filter>src\Nakama\Private\NakamaSDK</Filter>
    </ClCompile>
    <ClCompile Include="..\Classes\Nakama\Private\NakamaSDK\NFriendRemoveMessage.cpp">
      <Filter>src\Nakama\Private\NakamaSDK</Filter>
    </ClCompile>
    <ClCompile Include="..\Classes\Nakama\Private\NakamaSDK\NFriendsListMessage.cpp">
      <Filter>src\Nakama\Private\NakamaSDK</Filter>
    </ClCompile>
    <ClCompile Include="..\Classes\Nakama\Private\NakamaSDK\NGroupAddUserMessage.cpp">
      <Filter>src\Nakama\Private\NakamaSDK</Filter>
    </ClCompile>
    <ClCompile Include="..\Classes\Nakama\Private\NakamaSDK\NGroupCreateMessage.cpp">
      <Filter>src\Nakama\Private\NakamaSDK</Filter>
    </ClCompile>
    <ClCompile Include="..\Classes\Nakama\Private\NakamaSDK\NGroupJoinMessage.cpp">
      <Filter>src\Nakama\Private\NakamaSDK</Filter>
    </ClCompile>
    <ClCompile Include="..\Classes\Nakama\Private\NakamaSDK\NGroupKickUserMessage.cpp">
      <Filter>src\Nakama\Private\NakamaSDK</Filter>
    </ClCompile>
    <ClCompile Include="..\Classes\Nakama\Private\NakamaSDK\NGroupLeaveMessage.cpp">
      <Filter>src\Nakama\Private\NakamaSDK</Filter>
    </ClCompile>
    <ClCompile Include="..\Classes\Nakama\Private\NakamaSDK\NGroupPromoteUserMessage.cpp">
      <Filter>src\Nakama\Private\NakamaSDK</Filter>
    </ClCompile>
    <ClCompile Include="..\Classes\Nakama\Private\NakamaSDK\NGroupRemoveMessage.cpp">
      <Filter>src\Nakama\Private\NakamaSDK</Filter>
    </ClCompile>
    <ClCompile Include="..\Classes\Nakama\Private\NakamaSDK\NGroupsFetchMessage.cpp">
      <Filter>src\Nakama\Private\NakamaSDK</Filter>
    </ClCompile>
    <ClCompile Include="..\Classes\Nakama\Private\NakamaSDK\NGroupsListMessage.cpp">
      <Filter>src\Nakama\Private\NakamaSDK</Filter>
    </ClCompile>
    <ClCompile Include="..\Classes\Nakama\Private\NakamaSDK\NGroupsSelfListMessage.cpp">
      <Filter>src\Nakama\Private\NakamaSDK</Filter>
    </ClCompile>
    <ClCompile Include="..\Classes\Nakama\Private\NakamaSDK\NGroupUpdateMessage.cpp">
      <Filter>src\Nakama\Private\NakamaSDK</Filter>
    </ClCompile>
    <ClCompile Include="..\Classes\Nakama\Private\NakamaSDK\NGroupUsersListMessage.cpp">
      <Filter>src\Nakama\Private\NakamaSDK</Filter>
    </ClCompile>
    <ClCompile Include="..\Classes\Nakama\Private\NakamaSDK\NLeaderboardRecordsFetchMessage.cpp">
      <Filter>src\Nakama\Private\NakamaSDK</Filter>
    </ClCompile>
    <ClCompile Include="..\Classes\Nakama\Private\NakamaSDK\NLeaderboardRecordsListMessage.cpp">
      <Filter>src\Nakama\Private\NakamaSDK</Filter>
    </ClCompile>
    <ClCompile Include="..\Classes\Nakama\Private\NakamaSDK\NLeaderboardRecordWriteMessage.cpp">
      <Filter>src\Nakama\Private\NakamaSDK</Filter>
    </ClCompile>
    <ClCompile Include="..\Classes\Nakama\Private\NakamaSDK\NLeaderboardsListMessage.cpp">
      <Filter>src\Nakama\Private\NakamaSDK</Filter>
    </ClCompile>
    <ClCompile Include="..\Classes\Nakama\Private\NakamaSDK\NLogger.cpp">
      <Filter>src\Nakama\Private\NakamaSDK</Filter>
    </ClCompile>
    <ClCompile Include="..\Classes\Nakama\Private\NakamaSDK\NMatchCreateMessage.cpp">
      <Filter>src\Nakama\Private\NakamaSDK</Filter>
    </ClCompile>
    <ClCompile Include="..\Classes\Nakama\Private\NakamaSDK\NMatchDataSendMessage.cpp">
      <Filter>src\Nakama\Private\NakamaSDK</Filter>
    </ClCompile>
    <ClCompile Include="..\Classes\Nakama\Private\NakamaSDK\NMatchJoinMessage.cpp">
      <Filter>src\Nakama\Private\NakamaSDK</Filter>
    </ClCompile>
    <ClCompile Include="..\Classes\Nakama\Private\NakamaSDK\NMatchLeaveMessage.cpp">
      <Filter>src\Nakama\Private\NakamaSDK</Filter>
    </ClCompile>
    <ClCompile Include="..\Classes\Nakama\Private\NakamaSDK\NMatchmakeAddMessage.cpp">
      <Filter>src\Nakama\Private\NakamaSDK</Filter>
    </ClCompile>
    <ClCompile Include="..\Classes\Nakama\Private\NakamaSDK\NMatchmakeRemoveMessage.cpp">
      <Filter>src\Nakama\Private\NakamaSDK</Filter>
    </ClCompile>
    <ClCompile Include="..\Classes\Nakama\Private\NakamaSDK\NNotificationsListMessage.cpp">
      <Filter>src\Nakama\Private\NakamaSDK</Filter>
    </ClCompile>
    <ClCompile Include="..\Classes\Nakama\Private\NakamaSDK\NNotificationsRemoveMessage.cpp">
      <Filter>src\Nakama\Private\NakamaSDK</Filter>
    </ClCompile>
    <ClCompile Include="..\Classes\Nakama\Private\NakamaSDK\NPurchaseValidateMessage.cpp">
      <Filter>src\Nakama\Private\NakamaSDK</Filter>
    </ClCompile>
    <ClCompile Include="..\Classes\Nakama\Private\NakamaSDK\NRuntimeRpcMessage.cpp">
      <Filter>src\Nakama\Private\NakamaSDK</Filter>
    </ClCompile>
    <ClCompile Include="..\Classes\Nakama\Private\NakamaSDK\NSelf.cpp">
      <Filter>src\Nakama\Private\NakamaSDK</Filter>
    </ClCompile>
    <ClCompile Include="..\Classes\Nakama\Private\NakamaSDK\NSelfFetchMessage.cpp">
      <Filter>src\Nakama\Private\NakamaSDK</Filter>
    </ClCompile>
    <ClCompile Include="..\Classes\Nakama\Private\NakamaSDK\NSelfLinkMessage.cpp">
      <Filter>src\Nakama\Private\NakamaSDK</Filter>
    </ClCompile>
    <ClCompile Include="..\Classes\Nakama\Private\NakamaSDK\NSelfUnlinkMessage.cpp">
      <Filter>src\Nakama\Private\NakamaSDK</Filter>
    </ClCompile>
    <ClCompile Include="..\Classes\Nakama\Private\NakamaSDK\NSelfUpdateMessage.cpp">
      <Filter>src\Nakama\Private\NakamaSDK</Filter>
    </ClCompile>
    <ClCompile Include="..\Classes\Nakama\Private\NakamaSDK\NSession.cpp">
      <Filter>src\Nakama\Private\NakamaSDK</Filter>
    </ClCompile>
    <ClCompile Include="..\Classes\Nakama\Private\NakamaSDK\NStorageFetchMessage.cpp">
      <Filter>src\Nakama\Private\NakamaSDK</Filter>
    </ClCompile>
    <ClCompile Include="..\Classes\Nakama\Private\NakamaSDK\NStorageListMessage.cpp">
      <Filter>src\Nakama\Private\NakamaSDK</Filter>
    </ClCompile>
    <ClCompile Include="..\Classes\Nakama\Private\NakamaSDK\NStorageRemoveMessage.cpp">
      <Filter>src\Nakama\Private\NakamaSDK</Filter>
    </ClCompile>
    <ClCompile Include="..\Classes\Nakama\Private\NakamaSDK\NStorageUpdateMessage.cpp">
      <Filter>src\Nakama\Private\NakamaSDK</Filter>
    </ClCompile>
    <ClCompile Include="..\Classes\Nakama\Private\NakamaSDK\NStorageWriteMessage.cpp">
      <Filter>src\Nakama\Private\NakamaSDK</Filter>
    </ClCompile>
    <ClCompile Include="..\Classes\Nakama\Private\NakamaSDK\NTopicJoinMessage.cpp">
      <Filter>src\Nakama\Private\NakamaSDK</Filter>
    </ClCompile>
    <ClCompile Include="..\Classes\Nakama\Private\NakamaSDK\NTopicLeaveMessage.cpp">
      <Filter>src\Nakama\Private\NakamaSDK</Filter>
    </ClCompile>
    <ClCompile Include="..\Classes\Nakama\Private\NakamaSDK\NTopicMessageSendMessage.cpp">
      <Filter>src\Nakama\Private\NakamaSDK</Filter>
    </ClCompile>
    <ClCompile Include="..\Classes\Nakama\Private\NakamaSDK\NTopicMessagesListMessage.cpp">
      <Filter>src\Nakama\Private\NakamaSDK</Filter>
    </ClCompile>
    <ClCompile Include="..\Classes\Nakama\Private\NakamaSDK\NUsersFetchMessage.cpp">
      <Filter>src\Nakama\Private\NakamaSDK</Filter>
    </ClCompile>
    <ClCompile Include="..\Classes\Nakama\Private\PlatfromIntegration.cpp">
      <Filter>src\Nakama\Private</Filter>
    </ClCompile>
  </ItemGroup>
  <ItemGroup>
    <ClInclude Include="main.h">
      <Filter>win32</Filter>
    </ClInclude>
    <ClInclude Include="..\Classes\AppDelegate.h">
      <Filter>src</Filter>
    </ClInclude>
    <ClInclude Include="..\Classes\HelloWorldScene.h">
      <Filter>src</Filter>
    </ClInclude>
    <ClInclude Include="..\Classes\Nakama\Private\NCocosTransport.h">
      <Filter>src\Nakama\Private</Filter>
    </ClInclude>
    <ClInclude Include="..\Classes\Nakama\Private\NWebSocket.h">
      <Filter>src\Nakama\Private</Filter>
    </ClInclude>
    <ClInclude Include="..\Classes\Nakama\Public\NakamaSDK\api.pb.h">
      <Filter>src\Nakama\Public\NakamaSDK</Filter>
    </ClInclude>
    <ClInclude Include="..\Classes\Nakama\Public\NakamaSDK\Defines.h">
      <Filter>src\Nakama\Public\NakamaSDK</Filter>
    </ClInclude>
    <ClInclude Include="..\Classes\Nakama\Public\NakamaSDK\INCollatedMessage.h">
      <Filter>src\Nakama\Public\NakamaSDK</Filter>
    </ClInclude>
    <ClInclude Include="..\Classes\Nakama\Public\NakamaSDK\INLogSink.h">
      <Filter>src\Nakama\Public\NakamaSDK</Filter>
    </ClInclude>
    <ClInclude Include="..\Classes\Nakama\Public\NakamaSDK\INTransport.h">
      <Filter>src\Nakama\Public\NakamaSDK</Filter>
    </ClInclude>
    <ClInclude Include="..\Classes\Nakama\Public\NakamaSDK\INUncollatedMessage.h">
      <Filter>src\Nakama\Public\NakamaSDK</Filter>
    </ClInclude>
    <ClInclude Include="..\Classes\Nakama\Public\NakamaSDK\NAuthenticateMessage.h">
      <Filter>src\Nakama\Public\NakamaSDK</Filter>
    </ClInclude>
    <ClInclude Include="..\Classes\Nakama\Public\NakamaSDK\NCallbacks.h">
      <Filter>src\Nakama\Public\NakamaSDK</Filter>
    </ClInclude>
    <ClInclude Include="..\Classes\Nakama\Public\NakamaSDK\NClient.h">
      <Filter>src\Nakama\Public\NakamaSDK</Filter>
    </ClInclude>
    <ClInclude Include="..\Classes\Nakama\Public\NakamaSDK\NConsoleLogSink.h">
      <Filter>src\Nakama\Public\NakamaSDK</Filter>
    </ClInclude>
    <ClInclude Include="..\Classes\Nakama\Public\NakamaSDK\NCursor.h">
      <Filter>src\Nakama\Public\NakamaSDK</Filter>
    </ClInclude>
    <ClInclude Include="..\Classes\Nakama\Public\NakamaSDK\NError.h">
      <Filter>src\Nakama\Public\NakamaSDK</Filter>
    </ClInclude>
    <ClInclude Include="..\Classes\Nakama\Public\NakamaSDK\NFriend.h">
      <Filter>src\Nakama\Public\NakamaSDK</Filter>
    </ClInclude>
    <ClInclude Include="..\Classes\Nakama\Public\NakamaSDK\NFriendAddMessage.h">
      <Filter>src\Nakama\Public\NakamaSDK</Filter>
    </ClInclude>
    <ClInclude Include="..\Classes\Nakama\Public\NakamaSDK\NFriendBlockMessage.h">
      <Filter>src\Nakama\Public\NakamaSDK</Filter>
    </ClInclude>
    <ClInclude Include="..\Classes\Nakama\Public\NakamaSDK\NFriendRemoveMessage.h">
      <Filter>src\Nakama\Public\NakamaSDK</Filter>
    </ClInclude>
    <ClInclude Include="..\Classes\Nakama\Public\NakamaSDK\NFriendsListMessage.h">
      <Filter>src\Nakama\Public\NakamaSDK</Filter>
    </ClInclude>
    <ClInclude Include="..\Classes\Nakama\Public\NakamaSDK\NGroup.h">
      <Filter>src\Nakama\Public\NakamaSDK</Filter>
    </ClInclude>
    <ClInclude Include="..\Classes\Nakama\Public\NakamaSDK\NGroupAddUserMessage.h">
      <Filter>src\Nakama\Public\NakamaSDK</Filter>
    </ClInclude>
    <ClInclude Include="..\Classes\Nakama\Public\NakamaSDK\NGroupCreateMessage.h">
      <Filter>src\Nakama\Public\NakamaSDK</Filter>
    </ClInclude>
    <ClInclude Include="..\Classes\Nakama\Public\NakamaSDK\NGroupJoinMessage.h">
      <Filter>src\Nakama\Public\NakamaSDK</Filter>
    </ClInclude>
    <ClInclude Include="..\Classes\Nakama\Public\NakamaSDK\NGroupKickUserMessage.h">
      <Filter>src\Nakama\Public\NakamaSDK</Filter>
    </ClInclude>
    <ClInclude Include="..\Classes\Nakama\Public\NakamaSDK\NGroupLeaveMessage.h">
      <Filter>src\Nakama\Public\NakamaSDK</Filter>
    </ClInclude>
    <ClInclude Include="..\Classes\Nakama\Public\NakamaSDK\NGroupPromoteUserMessage.h">
      <Filter>src\Nakama\Public\NakamaSDK</Filter>
    </ClInclude>
    <ClInclude Include="..\Classes\Nakama\Public\NakamaSDK\NGroupRemoveMessage.h">
      <Filter>src\Nakama\Public\NakamaSDK</Filter>
    </ClInclude>
    <ClInclude Include="..\Classes\Nakama\Public\NakamaSDK\NGroupSelf.h">
      <Filter>src\Nakama\Public\NakamaSDK</Filter>
    </ClInclude>
    <ClInclude Include="..\Classes\Nakama\Public\NakamaSDK\NGroupsFetchMessage.h">
      <Filter>src\Nakama\Public\NakamaSDK</Filter>
    </ClInclude>
    <ClInclude Include="..\Classes\Nakama\Public\NakamaSDK\NGroupsListMessage.h">
      <Filter>src\Nakama\Public\NakamaSDK</Filter>
    </ClInclude>
    <ClInclude Include="..\Classes\Nakama\Public\NakamaSDK\NGroupsSelfListMessage.h">
      <Filter>src\Nakama\Public\NakamaSDK</Filter>
    </ClInclude>
    <ClInclude Include="..\Classes\Nakama\Public\NakamaSDK\NGroupUpdateMessage.h">
      <Filter>src\Nakama\Public\NakamaSDK</Filter>
    </ClInclude>
    <ClInclude Include="..\Classes\Nakama\Public\NakamaSDK\NGroupUser.h">
      <Filter>src\Nakama\Public\NakamaSDK</Filter>
    </ClInclude>
    <ClInclude Include="..\Classes\Nakama\Public\NakamaSDK\NGroupUsersListMessage.h">
      <Filter>src\Nakama\Public\NakamaSDK</Filter>
    </ClInclude>
    <ClInclude Include="..\Classes\Nakama\Public\NakamaSDK\NLeaderboard.h">
      <Filter>src\Nakama\Public\NakamaSDK</Filter>
    </ClInclude>
    <ClInclude Include="..\Classes\Nakama\Public\NakamaSDK\NLeaderboardRecord.h">
      <Filter>src\Nakama\Public\NakamaSDK</Filter>
    </ClInclude>
    <ClInclude Include="..\Classes\Nakama\Public\NakamaSDK\NLeaderboardRecordsFetchMessage.h">
      <Filter>src\Nakama\Public\NakamaSDK</Filter>
    </ClInclude>
    <ClInclude Include="..\Classes\Nakama\Public\NakamaSDK\NLeaderboardRecordsListMessage.h">
      <Filter>src\Nakama\Public\NakamaSDK</Filter>
    </ClInclude>
    <ClInclude Include="..\Classes\Nakama\Public\NakamaSDK\NLeaderboardRecordWriteMessage.h">
      <Filter>src\Nakama\Public\NakamaSDK</Filter>
    </ClInclude>
    <ClInclude Include="..\Classes\Nakama\Public\NakamaSDK\NLeaderboardsListMessage.h">
      <Filter>src\Nakama\Public\NakamaSDK</Filter>
    </ClInclude>
    <ClInclude Include="..\Classes\Nakama\Public\NakamaSDK\NLogger.h">
      <Filter>src\Nakama\Public\NakamaSDK</Filter>
    </ClInclude>
    <ClInclude Include="..\Classes\Nakama\Public\NakamaSDK\NLogLevel.h">
      <Filter>src\Nakama\Public\NakamaSDK</Filter>
    </ClInclude>
    <ClInclude Include="..\Classes\Nakama\Public\NakamaSDK\NLogMessage.h">
      <Filter>src\Nakama\Public\NakamaSDK</Filter>
    </ClInclude>
    <ClInclude Include="..\Classes\Nakama\Public\NakamaSDK\NMatch.h">
      <Filter>src\Nakama\Public\NakamaSDK</Filter>
    </ClInclude>
    <ClInclude Include="..\Classes\Nakama\Public\NakamaSDK\NMatchCreateMessage.h">
      <Filter>src\Nakama\Public\NakamaSDK</Filter>
    </ClInclude>
    <ClInclude Include="..\Classes\Nakama\Public\NakamaSDK\NMatchData.h">
      <Filter>src\Nakama\Public\NakamaSDK</Filter>
    </ClInclude>
    <ClInclude Include="..\Classes\Nakama\Public\NakamaSDK\NMatchDataSendMessage.h">
      <Filter>src\Nakama\Public\NakamaSDK</Filter>
    </ClInclude>
    <ClInclude Include="..\Classes\Nakama\Public\NakamaSDK\NMatchJoinMessage.h">
      <Filter>src\Nakama\Public\NakamaSDK</Filter>
    </ClInclude>
    <ClInclude Include="..\Classes\Nakama\Public\NakamaSDK\NMatchLeaveMessage.h">
      <Filter>src\Nakama\Public\NakamaSDK</Filter>
    </ClInclude>
    <ClInclude Include="..\Classes\Nakama\Public\NakamaSDK\NMatchmakeAddMessage.h">
      <Filter>src\Nakama\Public\NakamaSDK</Filter>
    </ClInclude>
    <ClInclude Include="..\Classes\Nakama\Public\NakamaSDK\NMatchmakeFilter.h">
      <Filter>src\Nakama\Public\NakamaSDK</Filter>
    </ClInclude>
    <ClInclude Include="..\Classes\Nakama\Public\NakamaSDK\NMatchmakeMatched.h">
      <Filter>src\Nakama\Public\NakamaSDK</Filter>
    </ClInclude>
    <ClInclude Include="..\Classes\Nakama\Public\NakamaSDK\NMatchmakeRemoveMessage.h">
      <Filter>src\Nakama\Public\NakamaSDK</Filter>
    </ClInclude>
    <ClInclude Include="..\Classes\Nakama\Public\NakamaSDK\NMatchmakeTicket.h">
      <Filter>src\Nakama\Public\NakamaSDK</Filter>
    </ClInclude>
    <ClInclude Include="..\Classes\Nakama\Public\NakamaSDK\NMatchmakeUserProperty.h">
      <Filter>src\Nakama\Public\NakamaSDK</Filter>
    </ClInclude>
    <ClInclude Include="..\Classes\Nakama\Public\NakamaSDK\NMatchPresence.h">
      <Filter>src\Nakama\Public\NakamaSDK</Filter>
    </ClInclude>
    <ClInclude Include="..\Classes\Nakama\Public\NakamaSDK\NMatchToken.h">
      <Filter>src\Nakama\Public\NakamaSDK</Filter>
    </ClInclude>
    <ClInclude Include="..\Classes\Nakama\Public\NakamaSDK\NNotification.h">
      <Filter>src\Nakama\Public\NakamaSDK</Filter>
    </ClInclude>
    <ClInclude Include="..\Classes\Nakama\Public\NakamaSDK\NNotificationsListMessage.h">
      <Filter>src\Nakama\Public\NakamaSDK</Filter>
    </ClInclude>
    <ClInclude Include="..\Classes\Nakama\Public\NakamaSDK\NNotificationsRemoveMessage.h">
      <Filter>src\Nakama\Public\NakamaSDK</Filter>
    </ClInclude>
    <ClInclude Include="..\Classes\Nakama\Public\NakamaSDK\NPurchaseRecord.h">
      <Filter>src\Nakama\Public\NakamaSDK</Filter>
    </ClInclude>
    <ClInclude Include="..\Classes\Nakama\Public\NakamaSDK\NPurchaseValidateMessage.h">
      <Filter>src\Nakama\Public\NakamaSDK</Filter>
    </ClInclude>
    <ClInclude Include="..\Classes\Nakama\Public\NakamaSDK\NResultSet.h">
      <Filter>src\Nakama\Public\NakamaSDK</Filter>
    </ClInclude>
    <ClInclude Include="..\Classes\Nakama\Public\NakamaSDK\NRuntimeRpc.h">
      <Filter>src\Nakama\Public\NakamaSDK</Filter>
    </ClInclude>
    <ClInclude Include="..\Classes\Nakama\Public\NakamaSDK\NRuntimeRpcMessage.h">
      <Filter>src\Nakama\Public\NakamaSDK</Filter>
    </ClInclude>
    <ClInclude Include="..\Classes\Nakama\Public\NakamaSDK\NSelf.h">
      <Filter>src\Nakama\Public\NakamaSDK</Filter>
    </ClInclude>
    <ClInclude Include="..\Classes\Nakama\Public\NakamaSDK\NSelfFetchMessage.h">
      <Filter>src\Nakama\Public\NakamaSDK</Filter>
    </ClInclude>
    <ClInclude Include="..\Classes\Nakama\Public\NakamaSDK\NSelfLinkMessage.h">
      <Filter>src\Nakama\Public\NakamaSDK</Filter>
    </ClInclude>
    <ClInclude Include="..\Classes\Nakama\Public\NakamaSDK\NSelfUnlinkMessage.h">
      <Filter>src\Nakama\Public\NakamaSDK</Filter>
    </ClInclude>
    <ClInclude Include="..\Classes\Nakama\Public\NakamaSDK\NSelfUpdateMessage.h">
      <Filter>src\Nakama\Public\NakamaSDK</Filter>
    </ClInclude>
    <ClInclude Include="..\Classes\Nakama\Public\NakamaSDK\NSession.h">
      <Filter>src\Nakama\Public\NakamaSDK</Filter>
    </ClInclude>
    <ClInclude Include="..\Classes\Nakama\Public\NakamaSDK\NStorageData.h">
      <Filter>src\Nakama\Public\NakamaSDK</Filter>
    </ClInclude>
    <ClInclude Include="..\Classes\Nakama\Public\NakamaSDK\NStorageFetchMessage.h">
      <Filter>src\Nakama\Public\NakamaSDK</Filter>
    </ClInclude>
    <ClInclude Include="..\Classes\Nakama\Public\NakamaSDK\NStorageKey.h">
      <Filter>src\Nakama\Public\NakamaSDK</Filter>
    </ClInclude>
    <ClInclude Include="..\Classes\Nakama\Public\NakamaSDK\NStorageListMessage.h">
      <Filter>src\Nakama\Public\NakamaSDK</Filter>
    </ClInclude>
    <ClInclude Include="..\Classes\Nakama\Public\NakamaSDK\NStorageRemoveMessage.h">
      <Filter>src\Nakama\Public\NakamaSDK</Filter>
    </ClInclude>
    <ClInclude Include="..\Classes\Nakama\Public\NakamaSDK\NStorageUpdateMessage.h">
      <Filter>src\Nakama\Public\NakamaSDK</Filter>
    </ClInclude>
    <ClInclude Include="..\Classes\Nakama\Public\NakamaSDK\NStorageWriteMessage.h">
      <Filter>src\Nakama\Public\NakamaSDK</Filter>
    </ClInclude>
    <ClInclude Include="..\Classes\Nakama\Public\NakamaSDK\NTopic.h">
      <Filter>src\Nakama\Public\NakamaSDK</Filter>
    </ClInclude>
    <ClInclude Include="..\Classes\Nakama\Public\NakamaSDK\NTopicId.h">
      <Filter>src\Nakama\Public\NakamaSDK</Filter>
    </ClInclude>
    <ClInclude Include="..\Classes\Nakama\Public\NakamaSDK\NTopicJoinMessage.h">
      <Filter>src\Nakama\Public\NakamaSDK</Filter>
    </ClInclude>
    <ClInclude Include="..\Classes\Nakama\Public\NakamaSDK\NTopicLeaveMessage.h">
      <Filter>src\Nakama\Public\NakamaSDK</Filter>
    </ClInclude>
    <ClInclude Include="..\Classes\Nakama\Public\NakamaSDK\NTopicMessage.h">
      <Filter>src\Nakama\Public\NakamaSDK</Filter>
    </ClInclude>
    <ClInclude Include="..\Classes\Nakama\Public\NakamaSDK\NTopicMessageAck.h">
      <Filter>src\Nakama\Public\NakamaSDK</Filter>
    </ClInclude>
    <ClInclude Include="..\Classes\Nakama\Public\NakamaSDK\NTopicMessageSendMessage.h">
      <Filter>src\Nakama\Public\NakamaSDK</Filter>
    </ClInclude>
    <ClInclude Include="..\Classes\Nakama\Public\NakamaSDK\NTopicMessagesListMessage.h">
      <Filter>src\Nakama\Public\NakamaSDK</Filter>
    </ClInclude>
    <ClInclude Include="..\Classes\Nakama\Public\NakamaSDK\NTopicPresence.h">
      <Filter>src\Nakama\Public\NakamaSDK</Filter>
    </ClInclude>
    <ClInclude Include="..\Classes\Nakama\Public\NakamaSDK\NUser.h">
      <Filter>src\Nakama\Public\NakamaSDK</Filter>
    </ClInclude>
    <ClInclude Include="..\Classes\Nakama\Public\NakamaSDK\NUserPresence.h">
      <Filter>src\Nakama\Public\NakamaSDK</Filter>
    </ClInclude>
    <ClInclude Include="..\Classes\Nakama\Public\NakamaSDK\NUsersFetchMessage.h">
      <Filter>src\Nakama\Public\NakamaSDK</Filter>
    </ClInclude>
    <ClInclude Include="..\Classes\Nakama\Public\NCocosLogSink.h">
      <Filter>src\Nakama\Public</Filter>
    </ClInclude>
    <ClInclude Include="..\Classes\Nakama\Private\PlatfromIntegration.h">
      <Filter>src\Nakama\Private</Filter>
    </ClInclude>
  </ItemGroup>
  <ItemGroup>
    <ResourceCompile Include="game.rc">
      <Filter>resource</Filter>
    </ResourceCompile>
  </ItemGroup>
</Project>